
Microsoft Visual Studio Solution File, Format Version 12.00
# Visual Studio Version 17
VisualStudioVersion = 17.14.36408.4 d17.14
MinimumVisualStudioVersion = 10.0.40219.1
Project("{FAE04EC0-301F-11D3-BF4B-00C04F79EFBC}") = "1", "1\1.csproj", "{DE0C6430-4252-4A0E-B624-634E64639510}"
EndProject
Project("{FAE04EC0-301F-11D3-BF4B-00C04F79EFBC}") = "2", "2\2.csproj", "{1F82ED88-F4F1-4A2B-A5D1-257770C565A1}"
EndProject
Project("{FAE04EC0-301F-11D3-BF4B-00C04F79EFBC}") = "3", "3\3.csproj", "{37AC17CA-3E8A-4EBE-BDA7-9959EDBAABDB}"
EndProject
Project("{FAE04EC0-301F-11D3-BF4B-00C04F79EFBC}") = "4", "4\4.csproj", "{4C331F4B-2EAF-44BB-BB3C-74ACF74151FD}"
EndProject
Project("{FAE04EC0-301F-11D3-BF4B-00C04F79EFBC}") = "5", "5\5.csproj", "{CA5C3DD1-5E2F-43EF-98F4-23C504499FAA}"
EndProject
Project("{FAE04EC0-301F-11D3-BF4B-00C04F79EFBC}") = "6", "6\6.csproj", "{E0E83B1A-F856-4E9A-BAEF-A6DBA19D8FC5}"
EndProject
Project("{FAE04EC0-301F-11D3-BF4B-00C04F79EFBC}") = "7", "7\7.csproj", "{E12C7904-A38C-4331-9FD7-FDFBC1FAFF86}"
EndProject
Project("{FAE04EC0-301F-11D3-BF4B-00C04F79EFBC}") = "8", "8\8.csproj", "{C866B6EE-63CB-4E9C-BBAF-8A6E0533B0DC}"
EndProject
Project("{FAE04EC0-301F-11D3-BF4B-00C04F79EFBC}") = "9", "9\9.csproj", "{28FBA061-1C72-4AF6-87D0-93FCE213B0E8}"
EndProject
Project("{FAE04EC0-301F-11D3-BF4B-00C04F79EFBC}") = "10", "10\10.csproj", "{B0DDF81E-E387-4265-A669-F38724AA758F}"
EndProject
Project("{FAE04EC0-301F-11D3-BF4B-00C04F79EFBC}") = "11", "11\11.csproj", "{E83A40FD-DA44-40CF-AD17-DA16C59C2307}"
EndProject
Project("{FAE04EC0-301F-11D3-BF4B-00C04F79EFBC}") = "12", "12\12.csproj", "{6E6CE62E-57F2-4187-A96A-2732FFA50C92}"
EndProject
Global
	GlobalSection(SolutionConfigurationPlatforms) = preSolution
		Debug|Any CPU = Debug|Any CPU
		Release|Any CPU = Release|Any CPU
	EndGlobalSection
	GlobalSection(ProjectConfigurationPlatforms) = postSolution
		{DE0C6430-4252-4A0E-B624-634E64639510}.Debug|Any CPU.ActiveCfg = Debug|Any CPU
		{DE0C6430-4252-4A0E-B624-634E64639510}.Debug|Any CPU.Build.0 = Debug|Any CPU
		{DE0C6430-4252-4A0E-B624-634E64639510}.Release|Any CPU.ActiveCfg = Release|Any CPU
		{DE0C6430-4252-4A0E-B624-634E64639510}.Release|Any CPU.Build.0 = Release|Any CPU
		{1F82ED88-F4F1-4A2B-A5D1-257770C565A1}.Debug|Any CPU.ActiveCfg = Debug|Any CPU
		{1F82ED88-F4F1-4A2B-A5D1-257770C565A1}.Debug|Any CPU.Build.0 = Debug|Any CPU
		{1F82ED88-F4F1-4A2B-A5D1-257770C565A1}.Release|Any CPU.ActiveCfg = Release|Any CPU
		{1F82ED88-F4F1-4A2B-A5D1-257770C565A1}.Release|Any CPU.Build.0 = Release|Any CPU
		{37AC17CA-3E8A-4EBE-BDA7-9959EDBAABDB}.Debug|Any CPU.ActiveCfg = Debug|Any CPU
		{37AC17CA-3E8A-4EBE-BDA7-9959EDBAABDB}.Debug|Any CPU.Build.0 = Debug|Any CPU
		{37AC17CA-3E8A-4EBE-BDA7-9959EDBAABDB}.Release|Any CPU.ActiveCfg = Release|Any CPU
		{37AC17CA-3E8A-4EBE-BDA7-9959EDBAABDB}.Release|Any CPU.Build.0 = Release|Any CPU
		{4C331F4B-2EAF-44BB-BB3C-74ACF74151FD}.Debug|Any CPU.ActiveCfg = Debug|Any CPU
		{4C331F4B-2EAF-44BB-BB3C-74ACF74151FD}.Debug|Any CPU.Build.0 = Debug|Any CPU
		{4C331F4B-2EAF-44BB-BB3C-74ACF74151FD}.Release|Any CPU.ActiveCfg = Release|Any CPU
		{4C331F4B-2EAF-44BB-BB3C-74ACF74151FD}.Release|Any CPU.Build.0 = Release|Any CPU
		{CA5C3DD1-5E2F-43EF-98F4-23C504499FAA}.Debug|Any CPU.ActiveCfg = Debug|Any CPU
		{CA5C3DD1-5E2F-43EF-98F4-23C504499FAA}.Debug|Any CPU.Build.0 = Debug|Any CPU
		{CA5C3DD1-5E2F-43EF-98F4-23C504499FAA}.Release|Any CPU.ActiveCfg = Release|Any CPU
		{CA5C3DD1-5E2F-43EF-98F4-23C504499FAA}.Release|Any CPU.Build.0 = Release|Any CPU
		{E0E83B1A-F856-4E9A-BAEF-A6DBA19D8FC5}.Debug|Any CPU.ActiveCfg = Debug|Any CPU
		{E0E83B1A-F856-4E9A-BAEF-A6DBA19D8FC5}.Debug|Any CPU.Build.0 = Debug|Any CPU
		{E0E83B1A-F856-4E9A-BAEF-A6DBA19D8FC5}.Release|Any CPU.ActiveCfg = Release|Any CPU
		{E0E83B1A-F856-4E9A-BAEF-A6DBA19D8FC5}.Release|Any CPU.Build.0 = Release|Any CPU
		{E12C7904-A38C-4331-9FD7-FDFBC1FAFF86}.Debug|Any CPU.ActiveCfg = Debug|Any CPU
		{E12C7904-A38C-4331-9FD7-FDFBC1FAFF86}.Debug|Any CPU.Build.0 = Debug|Any CPU
		{E12C7904-A38C-4331-9FD7-FDFBC1FAFF86}.Release|Any CPU.ActiveCfg = Release|Any CPU
		{E12C7904-A38C-4331-9FD7-FDFBC1FAFF86}.Release|Any CPU.Build.0 = Release|Any CPU
		{C866B6EE-63CB-4E9C-BBAF-8A6E0533B0DC}.Debug|Any CPU.ActiveCfg = Debug|Any CPU
		{C866B6EE-63CB-4E9C-BBAF-8A6E0533B0DC}.Debug|Any CPU.Build.0 = Debug|Any CPU
		{C866B6EE-63CB-4E9C-BBAF-8A6E0533B0DC}.Release|Any CPU.ActiveCfg = Release|Any CPU
		{C866B6EE-63CB-4E9C-BBAF-8A6E0533B0DC}.Release|Any CPU.Build.0 = Release|Any CPU
		{28FBA061-1C72-4AF6-87D0-93FCE213B0E8}.Debug|Any CPU.ActiveCfg = Debug|Any CPU
		{28FBA061-1C72-4AF6-87D0-93FCE213B0E8}.Debug|Any CPU.Build.0 = Debug|Any CPU
		{28FBA061-1C72-4AF6-87D0-93FCE213B0E8}.Release|Any CPU.ActiveCfg = Release|Any CPU
		{28FBA061-1C72-4AF6-87D0-93FCE213B0E8}.Release|Any CPU.Build.0 = Release|Any CPU
		{B0DDF81E-E387-4265-A669-F38724AA758F}.Debug|Any CPU.ActiveCfg = Debug|Any CPU
		{B0DDF81E-E387-4265-A669-F38724AA758F}.Debug|Any CPU.Build.0 = Debug|Any CPU
		{B0DDF81E-E387-4265-A669-F38724AA758F}.Release|Any CPU.ActiveCfg = Release|Any CPU
		{B0DDF81E-E387-4265-A669-F38724AA758F}.Release|Any CPU.Build.0 = Release|Any CPU
		{E83A40FD-DA44-40CF-AD17-DA16C59C2307}.Debug|Any CPU.ActiveCfg = Debug|Any CPU
		{E83A40FD-DA44-40CF-AD17-DA16C59C2307}.Debug|Any CPU.Build.0 = Debug|Any CPU
		{E83A40FD-DA44-40CF-AD17-DA16C59C2307}.Release|Any CPU.ActiveCfg = Release|Any CPU
		{E83A40FD-DA44-40CF-AD17-DA16C59C2307}.Release|Any CPU.Build.0 = Release|Any CPU
		{6E6CE62E-57F2-4187-A96A-2732FFA50C92}.Debug|Any CPU.ActiveCfg = Debug|Any CPU
		{6E6CE62E-57F2-4187-A96A-2732FFA50C92}.Debug|Any CPU.Build.0 = Debug|Any CPU
		{6E6CE62E-57F2-4187-A96A-2732FFA50C92}.Release|Any CPU.ActiveCfg = Release|Any CPU
		{6E6CE62E-57F2-4187-A96A-2732FFA50C92}.Release|Any CPU.Build.0 = Release|Any CPU
	EndGlobalSection
	GlobalSection(SolutionProperties) = preSolution
		HideSolutionNode = FALSE
	EndGlobalSection
	GlobalSection(ExtensibilityGlobals) = postSolution
		SolutionGuid = {010B6B6B-A42D-41CC-9EEB-18D4C2106F23}
	EndGlobalSection
EndGlobal
