
Microsoft Visual Studio Solution File, Format Version 12.00
# Visual Studio Version 17
VisualStudioVersion = 17.14.36408.4 d17.14
MinimumVisualStudioVersion = 10.0.40219.1
Project("{FAE04EC0-301F-11D3-BF4B-00C04F79EFBC}") = "1", "1\1.csproj", "{DE0C6430-4252-4A0E-B624-634E64639510}"
EndProject
Project("{FAE04EC0-301F-11D3-BF4B-00C04F79EFBC}") = "2", "2\2.csproj", "{1F82ED88-F4F1-4A2B-A5D1-257770C565A1}"
EndProject
Global
	GlobalSection(SolutionConfigurationPlatforms) = preSolution
		Debug|Any CPU = Debug|Any CPU
		Release|Any CPU = Release|Any CPU
	EndGlobalSection
	GlobalSection(ProjectConfigurationPlatforms) = postSolution
		{DE0C6430-4252-4A0E-B624-634E64639510}.Debug|Any CPU.ActiveCfg = Debug|Any CPU
		{DE0C6430-4252-4A0E-B624-634E64639510}.Debug|Any CPU.Build.0 = Debug|Any CPU
		{DE0C6430-4252-4A0E-B624-634E64639510}.Release|Any CPU.ActiveCfg = Release|Any CPU
		{DE0C6430-4252-4A0E-B624-634E64639510}.Release|Any CPU.Build.0 = Release|Any CPU
		{1F82ED88-F4F1-4A2B-A5D1-257770C565A1}.Debug|Any CPU.ActiveCfg = Debug|Any CPU
		{1F82ED88-F4F1-4A2B-A5D1-257770C565A1}.Debug|Any CPU.Build.0 = Debug|Any CPU
		{1F82ED88-F4F1-4A2B-A5D1-257770C565A1}.Release|Any CPU.ActiveCfg = Release|Any CPU
		{1F82ED88-F4F1-4A2B-A5D1-257770C565A1}.Release|Any CPU.Build.0 = Release|Any CPU
	EndGlobalSection
	GlobalSection(SolutionProperties) = preSolution
		HideSolutionNode = FALSE
	EndGlobalSection
	GlobalSection(ExtensibilityGlobals) = postSolution
		SolutionGuid = {010B6B6B-A42D-41CC-9EEB-18D4C2106F23}
	EndGlobalSection
EndGlobal
